// !$*UTF8*$!
{
	archiveVersion = 1;
	classes = {
	};
	objectVersion = 77;
	objects = {

/* Begin PBXBuildFile section */
		7D0986092E9354A400F19213 /* GoogleSignIn in Frameworks */ = {isa = PBXBuildFile; productRef = 7D0986082E9354A400F19213 /* GoogleSignIn */; };
		7D9D54992E7C0BD4001A88BB /* FirebaseAnalytics in Frameworks */ = {isa = PBXBuildFile; productRef = 7D9D54982E7C0BD4001A88BB /* FirebaseAnalytics */; };
		7D9D549B2E7C0BD4001A88BB /* FirebaseAnalyticsCore in Frameworks */ = {isa = PBXBuildFile; productRef = 7D9D549A2E7C0BD4001A88BB /* FirebaseAnalyticsCore */; };
		7D9D549D2E7C0BD4001A88BB /* FirebaseAuth in Frameworks */ = {isa = PBXBuildFile; productRef = 7D9D549C2E7C0BD4001A88BB /* FirebaseAuth */; };
		7D9D549F2E7C0BD4001A88BB /* FirebaseCore in Frameworks */ = {isa = PBXBuildFile; productRef = 7D9D549E2E7C0BD4001A88BB /* FirebaseCore */; };
		7D9D54A12E7C0BD4001A88BB /* FirebaseDatabase in Frameworks */ = {isa = PBXBuildFile; productRef = 7D9D54A02E7C0BD4001A88BB /* FirebaseDatabase */; };
		7D9D54A32E7C0BD4001A88BB /* FirebaseFirestore in Frameworks */ = {isa = PBXBuildFile; productRef = 7D9D54A22E7C0BD4001A88BB /* FirebaseFirestore */; };
		7D9D54A52E7C0BD4001A88BB /* FirebaseMessaging in Frameworks */ = {isa = PBXBuildFile; productRef = 7D9D54A42E7C0BD4001A88BB /* FirebaseMessaging */; };
		7D9D54A72E7C0BD4001A88BB /* FirebaseStorage in Frameworks */ = {isa = PBXBuildFile; productRef = 7D9D54A62E7C0BD4001A88BB /* FirebaseStorage */; };
		7DA0E9E32E9F5DE100DD8E9D /* Storage in Frameworks */ = {isa = PBXBuildFile; productRef = 7DA0E9E22E9F5DE100DD8E9D /* Storage */; };
		7DA0E9ED2E9F63FA00DD8E9D /* Supabase in Frameworks */ = {isa = PBXBuildFile; productRef = 7DA0E9EC2E9F63FA00DD8E9D /* Supabase */; };
/* End PBXBuildFile section */

/* Begin PBXContainerItemProxy section */
		7D9D545A2E7BCEC8001A88BB /* PBXContainerItemProxy */ = {
			isa = PBXContainerItemProxy;
			containerPortal = 7D9D54382E7BCEC6001A88BB /* Project object */;
			proxyType = 1;
			remoteGlobalIDString = 7D9D543F2E7BCEC6001A88BB;
			remoteInfo = AtomLearn;
		};
		7D9D54642E7BCEC8001A88BB /* PBXContainerItemProxy */ = {
			isa = PBXContainerItemProxy;
			containerPortal = 7D9D54382E7BCEC6001A88BB /* Project object */;
			proxyType = 1;
			remoteGlobalIDString = 7D9D543F2E7BCEC6001A88BB;
			remoteInfo = AtomLearn;
		};
/* End PBXContainerItemProxy section */

/* Begin PBXFileReference section */
		7D9D54402E7BCEC6001A88BB /* AtomLearn.app */ = {isa = PBXFileReference; explicitFileType = wrapper.application; includeInIndex = 0; path = AtomLearn.app; sourceTree = BUILT_PRODUCTS_DIR; };
		7D9D54592E7BCEC8001A88BB /* AtomLearnTests.xctest */ = {isa = PBXFileReference; explicitFileType = wrapper.cfbundle; includeInIndex = 0; path = AtomLearnTests.xctest; sourceTree = BUILT_PRODUCTS_DIR; };
		7D9D54632E7BCEC8001A88BB /* AtomLearnUITests.xctest */ = {isa = PBXFileReference; explicitFileType = wrapper.cfbundle; includeInIndex = 0; path = AtomLearnUITests.xctest; sourceTree = BUILT_PRODUCTS_DIR; };
		7DA0E9EA2E9F616F00DD8E9D /* .gitignore */ = {isa = PBXFileReference; lastKnownFileType = text; path = .gitignore; sourceTree = "<group>"; };
/* End PBXFileReference section */

/* Begin PBXFileSystemSynchronizedBuildFileExceptionSet section */
		7D0498042EF7F33900BDCFEC /* Exceptions for "AtomLearn" folder in "AtomLearn" target */ = {
			isa = PBXFileSystemSynchronizedBuildFileExceptionSet;
			membershipExceptions = (
				Modules/Core/Config/Config.xcconfig,
				Info.plist,
			);
			target = 7D9D543F2E7BCEC6001A88BB /* AtomLearn */;
		};
/* End PBXFileSystemSynchronizedBuildFileExceptionSet section */

/* Begin PBXFileSystemSynchronizedRootGroup section */
		7D9D54422E7BCEC6001A88BB /* AtomLearn */ = {
			isa = PBXFileSystemSynchronizedRootGroup;
			exceptions = (
				7D0498042EF7F33900BDCFEC /* Exceptions for "AtomLearn" folder in "AtomLearn" target */,
			);
			path = AtomLearn;
			sourceTree = "<group>";
		};
		7D9D54662E7BCEC8001A88BB /* AtomLearnUITests */ = {
			isa = PBXFileSystemSynchronizedRootGroup;
			path = AtomLearnUITests;
			sourceTree = "<group>";
		};
/* End PBXFileSystemSynchronizedRootGroup section */

/* Begin PBXFrameworksBuildPhase section */
		7D9D543D2E7BCEC6001A88BB /* Frameworks */ = {
			isa = PBXFrameworksBuildPhase;
			buildActionMask = 2147483647;
			files = (
				7DA0E9ED2E9F63FA00DD8E9D /* Supabase in Frameworks */,
				7D9D54A12E7C0BD4001A88BB /* FirebaseDatabase in Frameworks */,
				7D9D54992E7C0BD4001A88BB /* FirebaseAnalytics in Frameworks */,
				7D9D54A52E7C0BD4001A88BB /* FirebaseMessaging in Frameworks */,
				7D9D549D2E7C0BD4001A88BB /* FirebaseAuth in Frameworks */,
				7D9D549F2E7C0BD4001A88BB /* FirebaseCore in Frameworks */,
				7D9D54A72E7C0BD4001A88BB /* FirebaseStorage in Frameworks */,
				7D9D549B2E7C0BD4001A88BB /* FirebaseAnalyticsCore in Frameworks */,
				7D9D54A32E7C0BD4001A88BB /* FirebaseFirestore in Frameworks */,
				7DA0E9E32E9F5DE100DD8E9D /* Storage in Frameworks */,
				7D0986092E9354A400F19213 /* GoogleSignIn in Frameworks */,
			);
			runOnlyForDeploymentPostprocessing = 0;
		};
		7D9D54562E7BCEC8001A88BB /* Frameworks */ = {
			isa = PBXFrameworksBuildPhase;
			buildActionMask = 2147483647;
			files = (
			);
			runOnlyForDeploymentPostprocessing = 0;
		};
		7D9D54602E7BCEC8001A88BB /* Frameworks */ = {
			isa = PBXFrameworksBuildPhase;
			buildActionMask = 2147483647;
			files = (
			);
			runOnlyForDeploymentPostprocessing = 0;
		};
/* End PBXFrameworksBuildPhase section */

/* Begin PBXGroup section */
		7D9D54372E7BCEC6001A88BB = {
			isa = PBXGroup;
			children = (
				7DA0E9EA2E9F616F00DD8E9D /* .gitignore */,
				7D9D54422E7BCEC6001A88BB /* AtomLearn */,
				7D9D54662E7BCEC8001A88BB /* AtomLearnUITests */,
				7D9D54972E7C0BD4001A88BB /* Frameworks */,
				7D9D54412E7BCEC6001A88BB /* Products */,
			);
			sourceTree = "<group>";
		};
		7D9D54412E7BCEC6001A88BB /* Products */ = {
			isa = PBXGroup;
			children = (
				7D9D54402E7BCEC6001A88BB /* AtomLearn.app */,
				7D9D54592E7BCEC8001A88BB /* AtomLearnTests.xctest */,
				7D9D54632E7BCEC8001A88BB /* AtomLearnUITests.xctest */,
			);
			name = Products;
			sourceTree = "<group>";
		};
		7D9D54972E7C0BD4001A88BB /* Frameworks */ = {
			isa = PBXGroup;
			children = (
			);
			name = Frameworks;
			sourceTree = "<group>";
		};
/* End PBXGroup section */

/* Begin PBXNativeTarget section */
		7D9D543F2E7BCEC6001A88BB /* AtomLearn */ = {
			isa = PBXNativeTarget;
			buildConfigurationList = 7D9D546C2E7BCEC8001A88BB /* Build configuration list for PBXNativeTarget "AtomLearn" */;
			buildPhases = (
				7D9D543C2E7BCEC6001A88BB /* Sources */,
				7D9D543D2E7BCEC6001A88BB /* Frameworks */,
				7D9D543E2E7BCEC6001A88BB /* Resources */,
			);
			buildRules = (
			);
			dependencies = (
			);
			fileSystemSynchronizedGroups = (
				7D9D54422E7BCEC6001A88BB /* AtomLearn */,
			);
			name = AtomLearn;
			packageProductDependencies = (
				7D9D54982E7C0BD4001A88BB /* FirebaseAnalytics */,
				7D9D549A2E7C0BD4001A88BB /* FirebaseAnalyticsCore */,
				7D9D549C2E7C0BD4001A88BB /* FirebaseAuth */,
				7D9D549E2E7C0BD4001A88BB /* FirebaseCore */,
				7D9D54A02E7C0BD4001A88BB /* FirebaseDatabase */,
				7D9D54A22E7C0BD4001A88BB /* FirebaseFirestore */,
				7D9D54A42E7C0BD4001A88BB /* FirebaseMessaging */,
				7D9D54A62E7C0BD4001A88BB /* FirebaseStorage */,
				7D0986082E9354A400F19213 /* GoogleSignIn */,
				7DA0E9E22E9F5DE100DD8E9D /* Storage */,
				7DA0E9EC2E9F63FA00DD8E9D /* Supabase */,
			);
			productName = AtomLearn;
			productReference = 7D9D54402E7BCEC6001A88BB /* AtomLearn.app */;
			productType = "com.apple.product-type.application";
		};
		7D9D54582E7BCEC8001A88BB /* AtomLearnTests */ = {
			isa = PBXNativeTarget;
			buildConfigurationList = 7D9D54712E7BCEC8001A88BB /* Build configuration list for PBXNativeTarget "AtomLearnTests" */;
			buildPhases = (
				7D9D54552E7BCEC8001A88BB /* Sources */,
				7D9D54562E7BCEC8001A88BB /* Frameworks */,
				7D9D54572E7BCEC8001A88BB /* Resources */,
			);
			buildRules = (
			);
			dependencies = (
				7D9D545B2E7BCEC8001A88BB /* PBXTargetDependency */,
			);
			name = AtomLearnTests;
			packageProductDependencies = (
			);
			productName = AtomLearnTests;
			productReference = 7D9D54592E7BCEC8001A88BB /* AtomLearnTests.xctest */;
			productType = "com.apple.product-type.bundle.unit-test";
		};
		7D9D54622E7BCEC8001A88BB /* AtomLearnUITests */ = {
			isa = PBXNativeTarget;
			buildConfigurationList = 7D9D54742E7BCEC8001A88BB /* Build configuration list for PBXNativeTarget "AtomLearnUITests" */;
			buildPhases = (
				7D9D545F2E7BCEC8001A88BB /* Sources */,
				7D9D54602E7BCEC8001A88BB /* Frameworks */,
				7D9D54612E7BCEC8001A88BB /* Resources */,
			);
			buildRules = (
			);
			dependencies = (
				7D9D54652E7BCEC8001A88BB /* PBXTargetDependency */,
			);
			fileSystemSynchronizedGroups = (
				7D9D54662E7BCEC8001A88BB /* AtomLearnUITests */,
			);
			name = AtomLearnUITests;
			packageProductDependencies = (
			);
			productName = AtomLearnUITests;
			productReference = 7D9D54632E7BCEC8001A88BB /* AtomLearnUITests.xctest */;
			productType = "com.apple.product-type.bundle.ui-testing";
		};
/* End PBXNativeTarget section */

/* Begin PBXProject section */
		7D9D54382E7BCEC6001A88BB /* Project object */ = {
			isa = PBXProject;
			attributes = {
				BuildIndependentTargetsInParallel = 1;
				LastSwiftUpdateCheck = 2600;
				LastUpgradeCheck = 2600;
				TargetAttributes = {
					7D9D543F2E7BCEC6001A88BB = {
						CreatedOnToolsVersion = 26.0;
					};
					7D9D54582E7BCEC8001A88BB = {
						CreatedOnToolsVersion = 26.0;
						TestTargetID = 7D9D543F2E7BCEC6001A88BB;
					};
					7D9D54622E7BCEC8001A88BB = {
						CreatedOnToolsVersion = 26.0;
						TestTargetID = 7D9D543F2E7BCEC6001A88BB;
					};
				};
			};
			buildConfigurationList = 7D9D543B2E7BCEC6001A88BB /* Build configuration list for PBXProject "AtomLearn" */;
			developmentRegion = en;
			hasScannedForEncodings = 0;
			knownRegions = (
				en,
				Base,
			);
			mainGroup = 7D9D54372E7BCEC6001A88BB;
			minimizedProjectReferenceProxies = 1;
			packageReferences = (
				7D9D547E2E7BEA8C001A88BB /* XCRemoteSwiftPackageReference "firebase-ios-sdk" */,
				7D0986072E9354A400F19213 /* XCRemoteSwiftPackageReference "GoogleSignIn-iOS" */,
				7DA0E9E12E9F5DE100DD8E9D /* XCRemoteSwiftPackageReference "supabase-swift" */,
			);
			preferredProjectObjectVersion = 77;
			productRefGroup = 7D9D54412E7BCEC6001A88BB /* Products */;
			projectDirPath = "";
			projectRoot = "";
			targets = (
				7D9D543F2E7BCEC6001A88BB /* AtomLearn */,
				7D9D54582E7BCEC8001A88BB /* AtomLearnTests */,
				7D9D54622E7BCEC8001A88BB /* AtomLearnUITests */,
			);
		};
/* End PBXProject section */

/* Begin PBXResourcesBuildPhase section */
		7D9D543E2E7BCEC6001A88BB /* Resources */ = {
			isa = PBXResourcesBuildPhase;
			buildActionMask = 2147483647;
			files = (
			);
			runOnlyForDeploymentPostprocessing = 0;
		};
		7D9D54572E7BCEC8001A88BB /* Resources */ = {
			isa = PBXResourcesBuildPhase;
			buildActionMask = 2147483647;
			files = (
			);
			runOnlyForDeploymentPostprocessing = 0;
		};
		7D9D54612E7BCEC8001A88BB /* Resources */ = {
			isa = PBXResourcesBuildPhase;
			buildActionMask = 2147483647;
			files = (
			);
			runOnlyForDeploymentPostprocessing = 0;
		};
/* End PBXResourcesBuildPhase section */

/* Begin PBXSourcesBuildPhase section */
		7D9D543C2E7BCEC6001A88BB /* Sources */ = {
			isa = PBXSourcesBuildPhase;
			buildActionMask = 2147483647;
			files = (
			);
			runOnlyForDeploymentPostprocessing = 0;
		};
		7D9D54552E7BCEC8001A88BB /* Sources */ = {
			isa = PBXSourcesBuildPhase;
			buildActionMask = 2147483647;
			files = (
			);
			runOnlyForDeploymentPostprocessing = 0;
		};
		7D9D545F2E7BCEC8001A88BB /* Sources */ = {
			isa = PBXSourcesBuildPhase;
			buildActionMask = 2147483647;
			files = (
			);
			runOnlyForDeploymentPostprocessing = 0;
		};
/* End PBXSourcesBuildPhase section */

/* Begin PBXTargetDependency section */
		7D9D545B2E7BCEC8001A88BB /* PBXTargetDependency */ = {
			isa = PBXTargetDependency;
			target = 7D9D543F2E7BCEC6001A88BB /* AtomLearn */;
			targetProxy = 7D9D545A2E7BCEC8001A88BB /* PBXContainerItemProxy */;
		};
		7D9D54652E7BCEC8001A88BB /* PBXTargetDependency */ = {
			isa = PBXTargetDependency;
			target = 7D9D543F2E7BCEC6001A88BB /* AtomLearn */;
			targetProxy = 7D9D54642E7BCEC8001A88BB /* PBXContainerItemProxy */;
		};
/* End PBXTargetDependency section */

/* Begin XCBuildConfiguration section */
		7D9D546D2E7BCEC8001A88BB /* Debug */ = {
			isa = XCBuildConfiguration;
			baseConfigurationReferenceAnchor = 7D9D54422E7BCEC6001A88BB /* AtomLearn */;
			baseConfigurationReferenceRelativePath = Modules/Core/Config/Config.xcconfig;
			buildSettings = {
				ASSETCATALOG_COMPILER_APPICON_NAME = AppIcon;
				ASSETCATALOG_COMPILER_GLOBAL_ACCENT_COLOR_NAME = AccentColor;
				CODE_SIGN_STYLE = Automatic;
				CURRENT_PROJECT_VERSION = 1;
				DEVELOPMENT_TEAM = FM5UA69R37;
				ENABLE_TESTABILITY = YES;
				GENERATE_INFOPLIST_FILE = NO;
				INFOPLIST_FILE = AtomLearn/Info.plist;
				INFOPLIST_KEY_LSApplicationCategoryType = "public.app-category.productivity";
				INFOPLIST_KEY_UIApplicationSupportsIndirectInputEvents = YES;
				INFOPLIST_KEY_UILaunchStoryboardName = LaunchScreen;
				INFOPLIST_KEY_UISupportedInterfaceOrientations_iPad = "UIInterfaceOrientationPortrait UIInterfaceOrientationPortraitUpsideDown UIInterfaceOrientationLandscapeLeft UIInterfaceOrientationLandscapeRight";
				INFOPLIST_KEY_UISupportedInterfaceOrientations_iPhone = "UIInterfaceOrientationPortrait UIInterfaceOrientationLandscapeLeft UIInterfaceOrientationLandscapeRight";
				IPHONEOS_DEPLOYMENT_TARGET = 15.6;
				LD_RUNPATH_SEARCH_PATHS = (
					"$(inherited)",
					"@executable_path/Frameworks",
				);
				MARKETING_VERSION = 1.0;
				PRODUCT_BUNDLE_IDENTIFIER = com.kekwaker.atomlearn;
				PRODUCT_NAME = "$(TARGET_NAME)";
				STRING_CATALOG_GENERATE_SYMBOLS = YES;
				SWIFT_APPROACHABLE_CONCURRENCY = YES;
				SWIFT_DEFAULT_ACTOR_ISOLATION = MainActor;
				SWIFT_EMIT_LOC_STRINGS = YES;
				SWIFT_UPCOMING_FEATURE_MEMBER_IMPORT_VISIBILITY = YES;
				SWIFT_VERSION = 5.0;
				TARGETED_DEVICE_FAMILY = "1,2";
			};
			name = Debug;
		};
		7D9D546E2E7BCEC8001A88BB /* Release */ = {
			isa = XCBuildConfiguration;
			baseConfigurationReferenceAnchor = 7D9D54422E7BCEC6001A88BB /* AtomLearn */;
			baseConfigurationReferenceRelativePath = Modules/Core/Config/Config.xcconfig;
			buildSettings = {
				ASSETCATALOG_COMPILER_APPICON_NAME = AppIcon;
				ASSETCATALOG_COMPILER_GLOBAL_ACCENT_COLOR_NAME = AccentColor;
				CODE_SIGN_STYLE = Automatic;
				CURRENT_PROJECT_VERSION = 1;
				DEVELOPMENT_TEAM = FM5UA69R37;
				ENABLE_TESTABILITY = NO;
				GENERATE_INFOPLIST_FILE = NO;
				INFOPLIST_FILE = AtomLearn/Info.plist;
				INFOPLIST_KEY_LSApplicationCategoryType = "public.app-category.productivity";
				INFOPLIST_KEY_UIApplicationSupportsIndirectInputEvents = YES;
				INFOPLIST_KEY_UILaunchStoryboardName = LaunchScreen;
				INFOPLIST_KEY_UISupportedInterfaceOrientations_iPad = "UIInterfaceOrientationPortrait UIInterfaceOrientationPortraitUpsideDown UIInterfaceOrientationLandscapeLeft UIInterfaceOrientationLandscapeRight";
				INFOPLIST_KEY_UISupportedInterfaceOrientations_iPhone = "UIInterfaceOrientationPortrait UIInterfaceOrientationLandscapeLeft UIInterfaceOrientationLandscapeRight";
				IPHONEOS_DEPLOYMENT_TARGET = 15.6;
				LD_RUNPATH_SEARCH_PATHS = (
					"$(inherited)",
					"@executable_path/Frameworks",
				);
				MARKETING_VERSION = 1.0;
				PRODUCT_BUNDLE_IDENTIFIER = com.kekwaker.atomlearn;
				PRODUCT_NAME = "$(TARGET_NAME)";
				STRING_CATALOG_GENERATE_SYMBOLS = YES;
				SWIFT_APPROACHABLE_CONCURRENCY = YES;
				SWIFT_DEFAULT_ACTOR_ISOLATION = MainActor;
				SWIFT_EMIT_LOC_STRINGS = YES;
				SWIFT_UPCOMING_FEATURE_MEMBER_IMPORT_VISIBILITY = YES;
				SWIFT_VERSION = 5.0;
				TARGETED_DEVICE_FAMILY = "1,2";
			};
			name = Release;
		};
		7D9D546F2E7BCEC8001A88BB /* Debug */ = {
			isa = XCBuildConfiguration;
			buildSettings = {
				ALWAYS_SEARCH_USER_PATHS = NO;
				ASSETCATALOG_COMPILER_GENERATE_SWIFT_ASSET_SYMBOL_EXTENSIONS = YES;
				CLANG_ANALYZER_NONNULL = YES;
				CLANG_ANALYZER_NUMBER_OBJECT_CONVERSION = YES_AGGRESSIVE;
				CLANG_CXX_LANGUAGE_STANDARD = "gnu++20";
				CLANG_ENABLE_MODULES = YES;
				CLANG_ENABLE_OBJC_ARC = YES;
				CLANG_ENABLE_OBJC_WEAK = YES;
				CLANG_WARN_BLOCK_CAPTURE_AUTORELEASING = YES;
				CLANG_WARN_BOOL_CONVERSION = YES;
				CLANG_WARN_COMMA = YES;
				CLANG_WARN_CONSTANT_CONVERSION = YES;
				CLANG_WARN_DEPRECATED_OBJC_IMPLEMENTATIONS = YES;
				CLANG_WARN_DIRECT_OBJC_ISA_USAGE = YES_ERROR;
				CLANG_WARN_DOCUMENTATION_COMMENTS = YES;
				CLANG_WARN_EMPTY_BODY = YES;
				CLANG_WARN_ENUM_CONVERSION = YES;
				CLANG_WARN_INFINITE_RECURSION = YES;
				CLANG_WARN_INT_CONVERSION = YES;
				CLANG_WARN_NON_LITERAL_NULL_CONVERSION = YES;
				CLANG_WARN_OBJC_IMPLICIT_RETAIN_SELF = YES;
				CLANG_WARN_OBJC_LITERAL_CONVERSION = YES;
				CLANG_WARN_OBJC_ROOT_CLASS = YES_ERROR;
				CLANG_WARN_QUOTED_INCLUDE_IN_FRAMEWORK_HEADER = YES;
				CLANG_WARN_RANGE_LOOP_ANALYSIS = YES;
				CLANG_WARN_STRICT_PROTOTYPES = YES;
				CLANG_WARN_SUSPICIOUS_MOVE = YES;
				CLANG_WARN_UNGUARDED_AVAILABILITY = YES_AGGRESSIVE;
				CLANG_WARN_UNREACHABLE_CODE = YES;
				CLANG_WARN__DUPLICATE_METHOD_MATCH = YES;
				COPY_PHASE_STRIP = NO;
				DEBUG_INFORMATION_FORMAT = dwarf;
				DEVELOPMENT_TEAM = FM5UA69R37;
				ENABLE_STRICT_OBJC_MSGSEND = YES;
				ENABLE_TESTABILITY = YES;
				ENABLE_USER_SCRIPT_SANDBOXING = YES;
				GCC_C_LANGUAGE_STANDARD = gnu17;
				GCC_DYNAMIC_NO_PIC = NO;
				GCC_NO_COMMON_BLOCKS = YES;
				GCC_OPTIMIZATION_LEVEL = 0;
				GCC_PREPROCESSOR_DEFINITIONS = (
					"DEBUG=1",
					"$(inherited)",
				);
				GCC_WARN_64_TO_32_BIT_CONVERSION = YES;
				GCC_WARN_ABOUT_RETURN_TYPE = YES_ERROR;
				GCC_WARN_UNDECLARED_SELECTOR = YES;
				GCC_WARN_UNINITIALIZED_AUTOS = YES_AGGRESSIVE;
				GCC_WARN_UNUSED_FUNCTION = YES;
				GCC_WARN_UNUSED_VARIABLE = YES;
				IPHONEOS_DEPLOYMENT_TARGET = 26.0;
				LOCALIZATION_PREFERS_STRING_CATALOGS = YES;
				MTL_ENABLE_DEBUG_INFO = INCLUDE_SOURCE;
				MTL_FAST_MATH = YES;
				ONLY_ACTIVE_ARCH = YES;
				SDKROOT = iphoneos;
				SWIFT_ACTIVE_COMPILATION_CONDITIONS = "DEBUG $(inherited)";
				SWIFT_OPTIMIZATION_LEVEL = "-Onone";
			};
			name = Debug;
		};
		7D9D54702E7BCEC8001A88BB /* Release */ = {
			isa = XCBuildConfiguration;
			buildSettings = {
				ALWAYS_SEARCH_USER_PATHS = NO;
				ASSETCATALOG_COMPILER_GENERATE_SWIFT_ASSET_SYMBOL_EXTENSIONS = YES;
				CLANG_ANALYZER_NONNULL = YES;
				CLANG_ANALYZER_NUMBER_OBJECT_CONVERSION = YES_AGGRESSIVE;
				CLANG_CXX_LANGUAGE_STANDARD = "gnu++20";
				CLANG_ENABLE_MODULES = YES;
				CLANG_ENABLE_OBJC_ARC = YES;
				CLANG_ENABLE_OBJC_WEAK = YES;
				CLANG_WARN_BLOCK_CAPTURE_AUTORELEASING = YES;
				CLANG_WARN_BOOL_CONVERSION = YES;
				CLANG_WARN_COMMA = YES;
				CLANG_WARN_CONSTANT_CONVERSION = YES;
				CLANG_WARN_DEPRECATED_OBJC_IMPLEMENTATIONS = YES;
				CLANG_WARN_DIRECT_OBJC_ISA_USAGE = YES_ERROR;
				CLANG_WARN_DOCUMENTATION_COMMENTS = YES;
				CLANG_WARN_EMPTY_BODY = YES;
				CLANG_WARN_ENUM_CONVERSION = YES;
				CLANG_WARN_INFINITE_RECURSION = YES;
				CLANG_WARN_INT_CONVERSION = YES;
				CLANG_WARN_NON_LITERAL_NULL_CONVERSION = YES;
				CLANG_WARN_OBJC_IMPLICIT_RETAIN_SELF = YES;
				CLANG_WARN_OBJC_LITERAL_CONVERSION = YES;
				CLANG_WARN_OBJC_ROOT_CLASS = YES_ERROR;
				CLANG_WARN_QUOTED_INCLUDE_IN_FRAMEWORK_HEADER = YES;
				CLANG_WARN_RANGE_LOOP_ANALYSIS = YES;
				CLANG_WARN_STRICT_PROTOTYPES = YES;
				CLANG_WARN_SUSPICIOUS_MOVE = YES;
				CLANG_WARN_UNGUARDED_AVAILABILITY = YES_AGGRESSIVE;
				CLANG_WARN_UNREACHABLE_CODE = YES;
				CLANG_WARN__DUPLICATE_METHOD_MATCH = YES;
				COPY_PHASE_STRIP = NO;
				DEBUG_INFORMATION_FORMAT = "dwarf-with-dsym";
				DEVELOPMENT_TEAM = FM5UA69R37;
				ENABLE_NS_ASSERTIONS = NO;
				ENABLE_STRICT_OBJC_MSGSEND = YES;
				ENABLE_USER_SCRIPT_SANDBOXING = YES;
				GCC_C_LANGUAGE_STANDARD = gnu17;
				GCC_NO_COMMON_BLOCKS = YES;
				GCC_WARN_64_TO_32_BIT_CONVERSION = YES;
				GCC_WARN_ABOUT_RETURN_TYPE = YES_ERROR;
				GCC_WARN_UNDECLARED_SELECTOR = YES;
				GCC_WARN_UNINITIALIZED_AUTOS = YES_AGGRESSIVE;
				GCC_WARN_UNUSED_FUNCTION = YES;
				GCC_WARN_UNUSED_VARIABLE = YES;
				IPHONEOS_DEPLOYMENT_TARGET = 26.0;
				LOCALIZATION_PREFERS_STRING_CATALOGS = YES;
				MTL_ENABLE_DEBUG_INFO = NO;
				MTL_FAST_MATH = YES;
				SDKROOT = iphoneos;
				SWIFT_COMPILATION_MODE = wholemodule;
				VALIDATE_PRODUCT = YES;
			};
			name = Release;
		};
		7D9D54722E7BCEC8001A88BB /* Debug */ = {
			isa = XCBuildConfiguration;
			buildSettings = {
				BUNDLE_LOADER = "$(TEST_HOST)";
				CODE_SIGN_STYLE = Automatic;
				CURRENT_PROJECT_VERSION = 1;
				DEVELOPMENT_TEAM = FM5UA69R37;
				GENERATE_INFOPLIST_FILE = YES;
				IPHONEOS_DEPLOYMENT_TARGET = 26.0;
				MARKETING_VERSION = 1.0;
				PRODUCT_BUNDLE_IDENTIFIER = Kekwaker.AtomLearnTests;
				PRODUCT_NAME = "$(TARGET_NAME)";
				STRING_CATALOG_GENERATE_SYMBOLS = NO;
				SWIFT_APPROACHABLE_CONCURRENCY = YES;
				SWIFT_EMIT_LOC_STRINGS = NO;
				SWIFT_UPCOMING_FEATURE_MEMBER_IMPORT_VISIBILITY = YES;
				SWIFT_VERSION = 5.0;
				TARGETED_DEVICE_FAMILY = "1,2";
				TEST_HOST = "$(BUILT_PRODUCTS_DIR)/AtomLearn.app/$(BUNDLE_EXECUTABLE_FOLDER_PATH)/AtomLearn";
			};
			name = Debug;
		};
		7D9D54732E7BCEC8001A88BB /* Release */ = {
			isa = XCBuildConfiguration;
			buildSettings = {
				BUNDLE_LOADER = "$(TEST_HOST)";
				CODE_SIGN_STYLE = Automatic;
				CURRENT_PROJECT_VERSION = 1;
				DEVELOPMENT_TEAM = FM5UA69R37;
				GENERATE_INFOPLIST_FILE = YES;
				IPHONEOS_DEPLOYMENT_TARGET = 26.0;
				MARKETING_VERSION = 1.0;
				PRODUCT_BUNDLE_IDENTIFIER = Kekwaker.AtomLearnTests;
				PRODUCT_NAME = "$(TARGET_NAME)";
				STRING_CATALOG_GENERATE_SYMBOLS = NO;
				SWIFT_APPROACHABLE_CONCURRENCY = YES;
				SWIFT_EMIT_LOC_STRINGS = NO;
				SWIFT_UPCOMING_FEATURE_MEMBER_IMPORT_VISIBILITY = YES;
				SWIFT_VERSION = 5.0;
				TARGETED_DEVICE_FAMILY = "1,2";
				TEST_HOST = "$(BUILT_PRODUCTS_DIR)/AtomLearn.app/$(BUNDLE_EXECUTABLE_FOLDER_PATH)/AtomLearn";
			};
			name = Release;
		};
		7D9D54752E7BCEC8001A88BB /* Debug */ = {
			isa = XCBuildConfiguration;
			buildSettings = {
				CODE_SIGN_STYLE = Automatic;
				CURRENT_PROJECT_VERSION = 1;
				DEVELOPMENT_TEAM = FM5UA69R37;
				GENERATE_INFOPLIST_FILE = YES;
				MARKETING_VERSION = 1.0;
				PRODUCT_BUNDLE_IDENTIFIER = Kekwaker.AtomLearnUITests;
				PRODUCT_NAME = "$(TARGET_NAME)";
				STRING_CATALOG_GENERATE_SYMBOLS = NO;
				SWIFT_APPROACHABLE_CONCURRENCY = YES;
				SWIFT_EMIT_LOC_STRINGS = NO;
				SWIFT_UPCOMING_FEATURE_MEMBER_IMPORT_VISIBILITY = YES;
				SWIFT_VERSION = 5.0;
				TARGETED_DEVICE_FAMILY = "1,2";
				TEST_TARGET_NAME = AtomLearn;
			};
			name = Debug;
		};
		7D9D54762E7BCEC8001A88BB /* Release */ = {
			isa = XCBuildConfiguration;
			buildSettings = {
				CODE_SIGN_STYLE = Automatic;
				CURRENT_PROJECT_VERSION = 1;
				DEVELOPMENT_TEAM = FM5UA69R37;
				GENERATE_INFOPLIST_FILE = YES;
				MARKETING_VERSION = 1.0;
				PRODUCT_BUNDLE_IDENTIFIER = Kekwaker.AtomLearnUITests;
				PRODUCT_NAME = "$(TARGET_NAME)";
				STRING_CATALOG_GENERATE_SYMBOLS = NO;
				SWIFT_APPROACHABLE_CONCURRENCY = YES;
				SWIFT_EMIT_LOC_STRINGS = NO;
				SWIFT_UPCOMING_FEATURE_MEMBER_IMPORT_VISIBILITY = YES;
				SWIFT_VERSION = 5.0;
				TARGETED_DEVICE_FAMILY = "1,2";
				TEST_TARGET_NAME = AtomLearn;
			};
			name = Release;
		};
/* End XCBuildConfiguration section */

/* Begin XCConfigurationList section */
		7D9D543B2E7BCEC6001A88BB /* Build configuration list for PBXProject "AtomLearn" */ = {
			isa = XCConfigurationList;
			buildConfigurations = (
				7D9D546F2E7BCEC8001A88BB /* Debug */,
				7D9D54702E7BCEC8001A88BB /* Release */,
			);
			defaultConfigurationIsVisible = 0;
			defaultConfigurationName = Release;
		};
		7D9D546C2E7BCEC8001A88BB /* Build configuration list for PBXNativeTarget "AtomLearn" */ = {
			isa = XCConfigurationList;
			buildConfigurations = (
				7D9D546D2E7BCEC8001A88BB /* Debug */,
				7D9D546E2E7BCEC8001A88BB /* Release */,
			);
			defaultConfigurationIsVisible = 0;
			defaultConfigurationName = Release;
		};
		7D9D54712E7BCEC8001A88BB /* Build configuration list for PBXNativeTarget "AtomLearnTests" */ = {
			isa = XCConfigurationList;
			buildConfigurations = (
				7D9D54722E7BCEC8001A88BB /* Debug */,
				7D9D54732E7BCEC8001A88BB /* Release */,
			);
			defaultConfigurationIsVisible = 0;
			defaultConfigurationName = Release;
		};
		7D9D54742E7BCEC8001A88BB /* Build configuration list for PBXNativeTarget "AtomLearnUITests" */ = {
			isa = XCConfigurationList;
			buildConfigurations = (
				7D9D54752E7BCEC8001A88BB /* Debug */,
				7D9D54762E7BCEC8001A88BB /* Release */,
			);
			defaultConfigurationIsVisible = 0;
			defaultConfigurationName = Release;
		};
/* End XCConfigurationList section */

/* Begin XCRemoteSwiftPackageReference section */
		7D0986072E9354A400F19213 /* XCRemoteSwiftPackageReference "GoogleSignIn-iOS" */ = {
			isa = XCRemoteSwiftPackageReference;
			repositoryURL = "https://github.com/google/GoogleSignIn-iOS";
			requirement = {
				kind = upToNextMajorVersion;
				minimumVersion = 9.0.0;
			};
		};
		7D9D547E2E7BEA8C001A88BB /* XCRemoteSwiftPackageReference "firebase-ios-sdk" */ = {
			isa = XCRemoteSwiftPackageReference;
			repositoryURL = "https://github.com/firebase/firebase-ios-sdk.git";
			requirement = {
				kind = upToNextMajorVersion;
				minimumVersion = 12.3.0;
			};
		};
		7DA0E9E12E9F5DE100DD8E9D /* XCRemoteSwiftPackageReference "supabase-swift" */ = {
			isa = XCRemoteSwiftPackageReference;
			repositoryURL = "https://github.com/supabase/supabase-swift";
			requirement = {
				kind = upToNextMajorVersion;
				minimumVersion = 2.5.1;
			};
		};
/* End XCRemoteSwiftPackageReference section */

/* Begin XCSwiftPackageProductDependency section */
		7D0986082E9354A400F19213 /* GoogleSignIn */ = {
			isa = XCSwiftPackageProductDependency;
			package = 7D0986072E9354A400F19213 /* XCRemoteSwiftPackageReference "GoogleSignIn-iOS" */;
			productName = GoogleSignIn;
		};
		7D9D54982E7C0BD4001A88BB /* FirebaseAnalytics */ = {
			isa = XCSwiftPackageProductDependency;
			package = 7D9D547E2E7BEA8C001A88BB /* XCRemoteSwiftPackageReference "firebase-ios-sdk" */;
			productName = FirebaseAnalytics;
		};
		7D9D549A2E7C0BD4001A88BB /* FirebaseAnalyticsCore */ = {
			isa = XCSwiftPackageProductDependency;
			package = 7D9D547E2E7BEA8C001A88BB /* XCRemoteSwiftPackageReference "firebase-ios-sdk" */;
			productName = FirebaseAnalyticsCore;
		};
		7D9D549C2E7C0BD4001A88BB /* FirebaseAuth */ = {
			isa = XCSwiftPackageProductDependency;
			package = 7D9D547E2E7BEA8C001A88BB /* XCRemoteSwiftPackageReference "firebase-ios-sdk" */;
			productName = FirebaseAuth;
		};
		7D9D549E2E7C0BD4001A88BB /* FirebaseCore */ = {
			isa = XCSwiftPackageProductDependency;
			package = 7D9D547E2E7BEA8C001A88BB /* XCRemoteSwiftPackageReference "firebase-ios-sdk" */;
			productName = FirebaseCore;
		};
		7D9D54A02E7C0BD4001A88BB /* FirebaseDatabase */ = {
			isa = XCSwiftPackageProductDependency;
			package = 7D9D547E2E7BEA8C001A88BB /* XCRemoteSwiftPackageReference "firebase-ios-sdk" */;
			productName = FirebaseDatabase;
		};
		7D9D54A22E7C0BD4001A88BB /* FirebaseFirestore */ = {
			isa = XCSwiftPackageProductDependency;
			package = 7D9D547E2E7BEA8C001A88BB /* XCRemoteSwiftPackageReference "firebase-ios-sdk" */;
			productName = FirebaseFirestore;
		};
		7D9D54A42E7C0BD4001A88BB /* FirebaseMessaging */ = {
			isa = XCSwiftPackageProductDependency;
			package = 7D9D547E2E7BEA8C001A88BB /* XCRemoteSwiftPackageReference "firebase-ios-sdk" */;
			productName = FirebaseMessaging;
		};
		7D9D54A62E7C0BD4001A88BB /* FirebaseStorage */ = {
			isa = XCSwiftPackageProductDependency;
			package = 7D9D547E2E7BEA8C001A88BB /* XCRemoteSwiftPackageReference "firebase-ios-sdk" */;
			productName = FirebaseStorage;
		};
		7DA0E9E22E9F5DE100DD8E9D /* Storage */ = {
			isa = XCSwiftPackageProductDependency;
			package = 7DA0E9E12E9F5DE100DD8E9D /* XCRemoteSwiftPackageReference "supabase-swift" */;
			productName = Storage;
		};
		7DA0E9EC2E9F63FA00DD8E9D /* Supabase */ = {
			isa = XCSwiftPackageProductDependency;
			package = 7DA0E9E12E9F5DE100DD8E9D /* XCRemoteSwiftPackageReference "supabase-swift" */;
			productName = Supabase;
		};
/* End XCSwiftPackageProductDependency section */
	};
	rootObject = 7D9D54382E7BCEC6001A88BB /* Project object */;
}
